
Microsoft Visual Studio Solution File, Format Version 12.00
# Visual Studio Version 16
VisualStudioVersion = 16.0.29519.181
MinimumVisualStudioVersion = 15.0.26124.0
Project("{9A19103F-16F7-4668-BE54-9A1E7A4F7556}") = "IdentityServerPlus", "IdentityServerPlus\IdentityServerPlus.csproj", "{7111AB74-DE5F-48E8-B308-7E68494A5CC6}"
EndProject
Project("{9A19103F-16F7-4668-BE54-9A1E7A4F7556}") = "IdentityServerPlus.Plugin.Base", "IdentityServerPlus.Plugin.Base\IdentityServerPlus.Plugin.Base.csproj", "{3331AE13-C72E-40BC-A45F-174AE9F33410}"
EndProject
Project("{2150E333-8FDC-42A3-9474-1A3956D46DE8}") = "AuthenticationProviders", "AuthenticationProviders", "{D91E2F72-0CC6-4875-821F-84FC47A04505}"
EndProject
Project("{2150E333-8FDC-42A3-9474-1A3956D46DE8}") = "Plugins", "Plugins", "{119415DE-6D4C-4623-BB2D-26C6B377042D}"
EndProject
Project("{2150E333-8FDC-42A3-9474-1A3956D46DE8}") = "DatabaseProviders", "DatabaseProviders", "{EDCF3CFF-3B39-4F13-B5BF-A4C47A92AE20}"
EndProject
Project("{9A19103F-16F7-4668-BE54-9A1E7A4F7556}") = "IdentityServerPlus.Models", "IdentityServerPlus.Models\IdentityServerPlus.Models.csproj", "{20C20979-005B-4F5A-AC98-4F4B740E84FF}"
EndProject
Project("{9A19103F-16F7-4668-BE54-9A1E7A4F7556}") = "IdentityServerPlus.Plugin.AuthenticationProvider.Microsoft", "Plugins\AuthenticationProviders\Microsoft\IdentityServerPlus.Plugin.AuthenticationProvider.Microsoft.csproj", "{47CFA1B3-63F3-4959-94EB-E776C0CB1D11}"
EndProject
Project("{9A19103F-16F7-4668-BE54-9A1E7A4F7556}") = "IdentityServerPlus.Plugin.DatabaseProvider.MongoDB", "Plugins\DatabaseProviders\MongoDB\IdentityServerPlus.Plugin.DatabaseProvider.MongoDB.csproj", "{4B7FE070-324E-42EE-BA3B-6F297B257959}"
EndProject
Project("{2150E333-8FDC-42A3-9474-1A3956D46DE8}") = "ThemeProviders", "ThemeProviders", "{C54D272F-C432-4C53-B62A-51C21731BEF3}"
EndProject
Project("{9A19103F-16F7-4668-BE54-9A1E7A4F7556}") = "IdentityServerPlus.Plugin.ThemeProvider.Core", "Plugins\ThemeProviders\IdentityServerPlus.Plugin.ThemeProvider.Core\IdentityServerPlus.Plugin.ThemeProvider.Core.csproj", "{2A347AD7-20F6-4143-88AE-27FDC338F972}"
EndProject
Project("{9A19103F-16F7-4668-BE54-9A1E7A4F7556}") = "IdentityServerPlus.Plugin.ThemeProvider.Modern", "Plugins\ThemeProviders\IdentityServerPlus.Plugin.ThemeProvider.Modern\IdentityServerPlus.Plugin.ThemeProvider.Modern.csproj", "{AF236B49-9124-43B5-A483-E9356CF88543}"
EndProject
Project("{9A19103F-16F7-4668-BE54-9A1E7A4F7556}") = "IdentityServerPlus.Plugin.ThemeProvider.Empty", "Plugins\ThemeProviders\IdentityServerPlus.Plugin.ThemeProvider.Empty\IdentityServerPlus.Plugin.ThemeProvider.Empty.csproj", "{C0FE19A4-0114-4344-95D2-08725B16D5BE}"
EndProject
Project("{9A19103F-16F7-4668-BE54-9A1E7A4F7556}") = "IdentityServerPlus.Plugin.ThemeProvider.Core.Manage", "Plugins\ThemeProviders\IdentityServerPlus.Plugin.ThemeProvider.Core.Manage\IdentityServerPlus.Plugin.ThemeProvider.Core.Manage.csproj", "{E17EAFD1-1B8C-478A-A54D-757592E44F22}"
EndProject
Global
	GlobalSection(SolutionConfigurationPlatforms) = preSolution
		Debug|Any CPU = Debug|Any CPU
		Debug|x64 = Debug|x64
		Debug|x86 = Debug|x86
		Release|Any CPU = Release|Any CPU
		Release|x64 = Release|x64
		Release|x86 = Release|x86
	EndGlobalSection
	GlobalSection(ProjectConfigurationPlatforms) = postSolution
		{7111AB74-DE5F-48E8-B308-7E68494A5CC6}.Debug|Any CPU.ActiveCfg = Debug|Any CPU
		{7111AB74-DE5F-48E8-B308-7E68494A5CC6}.Debug|Any CPU.Build.0 = Debug|Any CPU
		{7111AB74-DE5F-48E8-B308-7E68494A5CC6}.Debug|x64.ActiveCfg = Debug|Any CPU
		{7111AB74-DE5F-48E8-B308-7E68494A5CC6}.Debug|x64.Build.0 = Debug|Any CPU
		{7111AB74-DE5F-48E8-B308-7E68494A5CC6}.Debug|x86.ActiveCfg = Debug|Any CPU
		{7111AB74-DE5F-48E8-B308-7E68494A5CC6}.Debug|x86.Build.0 = Debug|Any CPU
		{7111AB74-DE5F-48E8-B308-7E68494A5CC6}.Release|Any CPU.ActiveCfg = Release|Any CPU
		{7111AB74-DE5F-48E8-B308-7E68494A5CC6}.Release|Any CPU.Build.0 = Release|Any CPU
		{7111AB74-DE5F-48E8-B308-7E68494A5CC6}.Release|x64.ActiveCfg = Release|Any CPU
		{7111AB74-DE5F-48E8-B308-7E68494A5CC6}.Release|x64.Build.0 = Release|Any CPU
		{7111AB74-DE5F-48E8-B308-7E68494A5CC6}.Release|x86.ActiveCfg = Release|Any CPU
		{7111AB74-DE5F-48E8-B308-7E68494A5CC6}.Release|x86.Build.0 = Release|Any CPU
		{3331AE13-C72E-40BC-A45F-174AE9F33410}.Debug|Any CPU.ActiveCfg = Debug|Any CPU
		{3331AE13-C72E-40BC-A45F-174AE9F33410}.Debug|Any CPU.Build.0 = Debug|Any CPU
		{3331AE13-C72E-40BC-A45F-174AE9F33410}.Debug|x64.ActiveCfg = Debug|Any CPU
		{3331AE13-C72E-40BC-A45F-174AE9F33410}.Debug|x64.Build.0 = Debug|Any CPU
		{3331AE13-C72E-40BC-A45F-174AE9F33410}.Debug|x86.ActiveCfg = Debug|Any CPU
		{3331AE13-C72E-40BC-A45F-174AE9F33410}.Debug|x86.Build.0 = Debug|Any CPU
		{3331AE13-C72E-40BC-A45F-174AE9F33410}.Release|Any CPU.ActiveCfg = Release|Any CPU
		{3331AE13-C72E-40BC-A45F-174AE9F33410}.Release|Any CPU.Build.0 = Release|Any CPU
		{3331AE13-C72E-40BC-A45F-174AE9F33410}.Release|x64.ActiveCfg = Release|Any CPU
		{3331AE13-C72E-40BC-A45F-174AE9F33410}.Release|x64.Build.0 = Release|Any CPU
		{3331AE13-C72E-40BC-A45F-174AE9F33410}.Release|x86.ActiveCfg = Release|Any CPU
		{3331AE13-C72E-40BC-A45F-174AE9F33410}.Release|x86.Build.0 = Release|Any CPU
		{20C20979-005B-4F5A-AC98-4F4B740E84FF}.Debug|Any CPU.ActiveCfg = Debug|Any CPU
		{20C20979-005B-4F5A-AC98-4F4B740E84FF}.Debug|Any CPU.Build.0 = Debug|Any CPU
		{20C20979-005B-4F5A-AC98-4F4B740E84FF}.Debug|x64.ActiveCfg = Debug|Any CPU
		{20C20979-005B-4F5A-AC98-4F4B740E84FF}.Debug|x64.Build.0 = Debug|Any CPU
		{20C20979-005B-4F5A-AC98-4F4B740E84FF}.Debug|x86.ActiveCfg = Debug|Any CPU
		{20C20979-005B-4F5A-AC98-4F4B740E84FF}.Debug|x86.Build.0 = Debug|Any CPU
		{20C20979-005B-4F5A-AC98-4F4B740E84FF}.Release|Any CPU.ActiveCfg = Release|Any CPU
		{20C20979-005B-4F5A-AC98-4F4B740E84FF}.Release|Any CPU.Build.0 = Release|Any CPU
		{20C20979-005B-4F5A-AC98-4F4B740E84FF}.Release|x64.ActiveCfg = Release|Any CPU
		{20C20979-005B-4F5A-AC98-4F4B740E84FF}.Release|x64.Build.0 = Release|Any CPU
		{20C20979-005B-4F5A-AC98-4F4B740E84FF}.Release|x86.ActiveCfg = Release|Any CPU
		{20C20979-005B-4F5A-AC98-4F4B740E84FF}.Release|x86.Build.0 = Release|Any CPU
		{47CFA1B3-63F3-4959-94EB-E776C0CB1D11}.Debug|Any CPU.ActiveCfg = Debug|Any CPU
		{47CFA1B3-63F3-4959-94EB-E776C0CB1D11}.Debug|Any CPU.Build.0 = Debug|Any CPU
		{47CFA1B3-63F3-4959-94EB-E776C0CB1D11}.Debug|x64.ActiveCfg = Debug|Any CPU
		{47CFA1B3-63F3-4959-94EB-E776C0CB1D11}.Debug|x64.Build.0 = Debug|Any CPU
		{47CFA1B3-63F3-4959-94EB-E776C0CB1D11}.Debug|x86.ActiveCfg = Debug|Any CPU
		{47CFA1B3-63F3-4959-94EB-E776C0CB1D11}.Debug|x86.Build.0 = Debug|Any CPU
		{47CFA1B3-63F3-4959-94EB-E776C0CB1D11}.Release|Any CPU.ActiveCfg = Release|Any CPU
		{47CFA1B3-63F3-4959-94EB-E776C0CB1D11}.Release|Any CPU.Build.0 = Release|Any CPU
		{47CFA1B3-63F3-4959-94EB-E776C0CB1D11}.Release|x64.ActiveCfg = Release|Any CPU
		{47CFA1B3-63F3-4959-94EB-E776C0CB1D11}.Release|x64.Build.0 = Release|Any CPU
		{47CFA1B3-63F3-4959-94EB-E776C0CB1D11}.Release|x86.ActiveCfg = Release|Any CPU
		{47CFA1B3-63F3-4959-94EB-E776C0CB1D11}.Release|x86.Build.0 = Release|Any CPU
		{4B7FE070-324E-42EE-BA3B-6F297B257959}.Debug|Any CPU.ActiveCfg = Debug|Any CPU
		{4B7FE070-324E-42EE-BA3B-6F297B257959}.Debug|Any CPU.Build.0 = Debug|Any CPU
		{4B7FE070-324E-42EE-BA3B-6F297B257959}.Debug|x64.ActiveCfg = Debug|Any CPU
		{4B7FE070-324E-42EE-BA3B-6F297B257959}.Debug|x64.Build.0 = Debug|Any CPU
		{4B7FE070-324E-42EE-BA3B-6F297B257959}.Debug|x86.ActiveCfg = Debug|Any CPU
		{4B7FE070-324E-42EE-BA3B-6F297B257959}.Debug|x86.Build.0 = Debug|Any CPU
		{4B7FE070-324E-42EE-BA3B-6F297B257959}.Release|Any CPU.ActiveCfg = Release|Any CPU
		{4B7FE070-324E-42EE-BA3B-6F297B257959}.Release|Any CPU.Build.0 = Release|Any CPU
		{4B7FE070-324E-42EE-BA3B-6F297B257959}.Release|x64.ActiveCfg = Release|Any CPU
		{4B7FE070-324E-42EE-BA3B-6F297B257959}.Release|x64.Build.0 = Release|Any CPU
		{4B7FE070-324E-42EE-BA3B-6F297B257959}.Release|x86.ActiveCfg = Release|Any CPU
		{4B7FE070-324E-42EE-BA3B-6F297B257959}.Release|x86.Build.0 = Release|Any CPU
		{2A347AD7-20F6-4143-88AE-27FDC338F972}.Debug|Any CPU.ActiveCfg = Debug|Any CPU
		{2A347AD7-20F6-4143-88AE-27FDC338F972}.Debug|Any CPU.Build.0 = Debug|Any CPU
		{2A347AD7-20F6-4143-88AE-27FDC338F972}.Debug|x64.ActiveCfg = Debug|Any CPU
		{2A347AD7-20F6-4143-88AE-27FDC338F972}.Debug|x64.Build.0 = Debug|Any CPU
		{2A347AD7-20F6-4143-88AE-27FDC338F972}.Debug|x86.ActiveCfg = Debug|Any CPU
		{2A347AD7-20F6-4143-88AE-27FDC338F972}.Debug|x86.Build.0 = Debug|Any CPU
		{2A347AD7-20F6-4143-88AE-27FDC338F972}.Release|Any CPU.ActiveCfg = Release|Any CPU
		{2A347AD7-20F6-4143-88AE-27FDC338F972}.Release|Any CPU.Build.0 = Release|Any CPU
		{2A347AD7-20F6-4143-88AE-27FDC338F972}.Release|x64.ActiveCfg = Release|Any CPU
		{2A347AD7-20F6-4143-88AE-27FDC338F972}.Release|x64.Build.0 = Release|Any CPU
		{2A347AD7-20F6-4143-88AE-27FDC338F972}.Release|x86.ActiveCfg = Release|Any CPU
		{2A347AD7-20F6-4143-88AE-27FDC338F972}.Release|x86.Build.0 = Release|Any CPU
		{AF236B49-9124-43B5-A483-E9356CF88543}.Debug|Any CPU.ActiveCfg = Debug|Any CPU
		{AF236B49-9124-43B5-A483-E9356CF88543}.Debug|Any CPU.Build.0 = Debug|Any CPU
		{AF236B49-9124-43B5-A483-E9356CF88543}.Debug|x64.ActiveCfg = Debug|Any CPU
		{AF236B49-9124-43B5-A483-E9356CF88543}.Debug|x64.Build.0 = Debug|Any CPU
		{AF236B49-9124-43B5-A483-E9356CF88543}.Debug|x86.ActiveCfg = Debug|Any CPU
		{AF236B49-9124-43B5-A483-E9356CF88543}.Debug|x86.Build.0 = Debug|Any CPU
		{AF236B49-9124-43B5-A483-E9356CF88543}.Release|Any CPU.ActiveCfg = Release|Any CPU
		{AF236B49-9124-43B5-A483-E9356CF88543}.Release|Any CPU.Build.0 = Release|Any CPU
		{AF236B49-9124-43B5-A483-E9356CF88543}.Release|x64.ActiveCfg = Release|Any CPU
		{AF236B49-9124-43B5-A483-E9356CF88543}.Release|x64.Build.0 = Release|Any CPU
		{AF236B49-9124-43B5-A483-E9356CF88543}.Release|x86.ActiveCfg = Release|Any CPU
		{AF236B49-9124-43B5-A483-E9356CF88543}.Release|x86.Build.0 = Release|Any CPU
		{C0FE19A4-0114-4344-95D2-08725B16D5BE}.Debug|Any CPU.ActiveCfg = Debug|Any CPU
		{C0FE19A4-0114-4344-95D2-08725B16D5BE}.Debug|Any CPU.Build.0 = Debug|Any CPU
		{C0FE19A4-0114-4344-95D2-08725B16D5BE}.Debug|x64.ActiveCfg = Debug|Any CPU
		{C0FE19A4-0114-4344-95D2-08725B16D5BE}.Debug|x64.Build.0 = Debug|Any CPU
		{C0FE19A4-0114-4344-95D2-08725B16D5BE}.Debug|x86.ActiveCfg = Debug|Any CPU
		{C0FE19A4-0114-4344-95D2-08725B16D5BE}.Debug|x86.Build.0 = Debug|Any CPU
		{C0FE19A4-0114-4344-95D2-08725B16D5BE}.Release|Any CPU.ActiveCfg = Release|Any CPU
		{C0FE19A4-0114-4344-95D2-08725B16D5BE}.Release|Any CPU.Build.0 = Release|Any CPU
		{C0FE19A4-0114-4344-95D2-08725B16D5BE}.Release|x64.ActiveCfg = Release|Any CPU
		{C0FE19A4-0114-4344-95D2-08725B16D5BE}.Release|x64.Build.0 = Release|Any CPU
		{C0FE19A4-0114-4344-95D2-08725B16D5BE}.Release|x86.ActiveCfg = Release|Any CPU
		{C0FE19A4-0114-4344-95D2-08725B16D5BE}.Release|x86.Build.0 = Release|Any CPU
		{E17EAFD1-1B8C-478A-A54D-757592E44F22}.Debug|Any CPU.ActiveCfg = Debug|Any CPU
		{E17EAFD1-1B8C-478A-A54D-757592E44F22}.Debug|Any CPU.Build.0 = Debug|Any CPU
		{E17EAFD1-1B8C-478A-A54D-757592E44F22}.Debug|x64.ActiveCfg = Debug|Any CPU
		{E17EAFD1-1B8C-478A-A54D-757592E44F22}.Debug|x64.Build.0 = Debug|Any CPU
		{E17EAFD1-1B8C-478A-A54D-757592E44F22}.Debug|x86.ActiveCfg = Debug|Any CPU
		{E17EAFD1-1B8C-478A-A54D-757592E44F22}.Debug|x86.Build.0 = Debug|Any CPU
		{E17EAFD1-1B8C-478A-A54D-757592E44F22}.Release|Any CPU.ActiveCfg = Release|Any CPU
		{E17EAFD1-1B8C-478A-A54D-757592E44F22}.Release|Any CPU.Build.0 = Release|Any CPU
		{E17EAFD1-1B8C-478A-A54D-757592E44F22}.Release|x64.ActiveCfg = Release|Any CPU
		{E17EAFD1-1B8C-478A-A54D-757592E44F22}.Release|x64.Build.0 = Release|Any CPU
		{E17EAFD1-1B8C-478A-A54D-757592E44F22}.Release|x86.ActiveCfg = Release|Any CPU
		{E17EAFD1-1B8C-478A-A54D-757592E44F22}.Release|x86.Build.0 = Release|Any CPU
	EndGlobalSection
	GlobalSection(SolutionProperties) = preSolution
		HideSolutionNode = FALSE
	EndGlobalSection
	GlobalSection(NestedProjects) = preSolution
		{D91E2F72-0CC6-4875-821F-84FC47A04505} = {119415DE-6D4C-4623-BB2D-26C6B377042D}
		{EDCF3CFF-3B39-4F13-B5BF-A4C47A92AE20} = {119415DE-6D4C-4623-BB2D-26C6B377042D}
		{47CFA1B3-63F3-4959-94EB-E776C0CB1D11} = {D91E2F72-0CC6-4875-821F-84FC47A04505}
		{4B7FE070-324E-42EE-BA3B-6F297B257959} = {EDCF3CFF-3B39-4F13-B5BF-A4C47A92AE20}
		{C54D272F-C432-4C53-B62A-51C21731BEF3} = {119415DE-6D4C-4623-BB2D-26C6B377042D}
		{2A347AD7-20F6-4143-88AE-27FDC338F972} = {C54D272F-C432-4C53-B62A-51C21731BEF3}
		{AF236B49-9124-43B5-A483-E9356CF88543} = {C54D272F-C432-4C53-B62A-51C21731BEF3}
		{C0FE19A4-0114-4344-95D2-08725B16D5BE} = {C54D272F-C432-4C53-B62A-51C21731BEF3}
		{E17EAFD1-1B8C-478A-A54D-757592E44F22} = {C54D272F-C432-4C53-B62A-51C21731BEF3}
	EndGlobalSection
	GlobalSection(ExtensibilityGlobals) = postSolution
		SolutionGuid = {1530312F-B477-4A3D-BCC0-D4D8A9B3BBC8}
	EndGlobalSection
EndGlobal
